Microsoft Visual Studio Solution File, Format Version 12.00
# Visual Studio 15
VisualStudioVersion = 15.0.26730.16
MinimumVisualStudioVersion = 15.0.26124.0
Project("{FAE04EC0-301F-11D3-BF4B-00C04F79EFBC}") = "Massive.Interview.Entities", "Massive.Interview.Entities\Massive.Interview.Entities.csproj", "{09FADAA3-D021-4380-B3DD-14C4D2A6E074}"
EndProject
Project("{FAE04EC0-301F-11D3-BF4B-00C04F79EFBC}") = "Massive.Interview.Entities.Module", "Massive.Interview.Entities.Module\Massive.Interview.Entities.Module.csproj", "{8191FA40-E687-4F9E-BB70-46B9B8C0406C}"
EndProject
Project("{FAE04EC0-301F-11D3-BF4B-00C04F79EFBC}") = "Massive.Interview.SmokeTestApp", "Massive.Interview.SmokeTestApp\Massive.Interview.SmokeTestApp.csproj", "{92CFCE1C-628E-492D-B299-278BA7EB01E9}"
EndProject
Project("{FAE04EC0-301F-11D3-BF4B-00C04F79EFBC}") = "Massive.Interview.Support", "Massive.Interview.Support\Massive.Interview.Support.csproj", "{C3B3789B-DE52-4B7E-9855-24FBD5439741}"
EndProject
Project("{FAE04EC0-301F-11D3-BF4B-00C04F79EFBC}") = "Massive.Interview.Service", "Massive.Interview.Service\Massive.Interview.Service.csproj", "{C13776C7-6252-4EA7-8856-91EB4463BF19}"
EndProject
Project("{FAE04EC0-301F-11D3-BF4B-00C04F79EFBC}") = "Massive.Interview.LoaderApp.Tests", "Massive.Interview.LoaderApp.Tests\Massive.Interview.LoaderApp.Tests.csproj", "{7789C80B-32A1-4B70-80A7-A5D9DEE40148}"
EndProject
Project("{FAE04EC0-301F-11D3-BF4B-00C04F79EFBC}") = "Massive.Interview.Service.Tests", "Massive.Interview.Service.Tests\Massive.Interview.Service.Tests.csproj", "{AAF95F32-E6D4-4171-9BE2-37073EB8106A}"
EndProject
Project("{FAE04EC0-301F-11D3-BF4B-00C04F79EFBC}") = "Massive.Interview.LoaderApp", "Massive.Interview.LoaderApp\Massive.Interview.LoaderApp.csproj", "{A025F8EB-008D-49D2-8EEF-F0CE544BBD99}"
	ProjectSection(ProjectDependencies) = postProject
		{C13776C7-6252-4EA7-8856-91EB4463BF19} = {C13776C7-6252-4EA7-8856-91EB4463BF19}
	EndProjectSection
EndProject
Project("{FAE04EC0-301F-11D3-BF4B-00C04F79EFBC}") = "Massive.Interview.Service.Contract", "Massive.Interview.Service.Contract\Massive.Interview.Service.Contract.csproj", "{9B04011C-4C10-4F20-96BD-C315F7E78191}"
EndProject
Global
	GlobalSection(SolutionConfigurationPlatforms) = preSolution
		Debug|Any CPU = Debug|Any CPU
		Debug|x64 = Debug|x64
		Debug|x86 = Debug|x86
		Release|Any CPU = Release|Any CPU
		Release|x64 = Release|x64
		Release|x86 = Release|x86
	EndGlobalSection
	GlobalSection(ProjectConfigurationPlatforms) = postSolution
		{09FADAA3-D021-4380-B3DD-14C4D2A6E074}.Debug|Any CPU.ActiveCfg = Debug|Any CPU
		{09FADAA3-D021-4380-B3DD-14C4D2A6E074}.Debug|Any CPU.Build.0 = Debug|Any CPU
		{09FADAA3-D021-4380-B3DD-14C4D2A6E074}.Debug|x64.ActiveCfg = Debug|Any CPU
		{09FADAA3-D021-4380-B3DD-14C4D2A6E074}.Debug|x64.Build.0 = Debug|Any CPU
		{09FADAA3-D021-4380-B3DD-14C4D2A6E074}.Debug|x86.ActiveCfg = Debug|Any CPU
		{09FADAA3-D021-4380-B3DD-14C4D2A6E074}.Debug|x86.Build.0 = Debug|Any CPU
		{09FADAA3-D021-4380-B3DD-14C4D2A6E074}.Release|Any CPU.ActiveCfg = Release|Any CPU
		{09FADAA3-D021-4380-B3DD-14C4D2A6E074}.Release|Any CPU.Build.0 = Release|Any CPU
		{09FADAA3-D021-4380-B3DD-14C4D2A6E074}.Release|x64.ActiveCfg = Release|Any CPU
		{09FADAA3-D021-4380-B3DD-14C4D2A6E074}.Release|x64.Build.0 = Release|Any CPU
		{09FADAA3-D021-4380-B3DD-14C4D2A6E074}.Release|x86.ActiveCfg = Release|Any CPU
		{09FADAA3-D021-4380-B3DD-14C4D2A6E074}.Release|x86.Build.0 = Release|Any CPU
		{8191FA40-E687-4F9E-BB70-46B9B8C0406C}.Debug|Any CPU.ActiveCfg = Debug|Any CPU
		{8191FA40-E687-4F9E-BB70-46B9B8C0406C}.Debug|Any CPU.Build.0 = Debug|Any CPU
		{8191FA40-E687-4F9E-BB70-46B9B8C0406C}.Debug|x64.ActiveCfg = Debug|Any CPU
		{8191FA40-E687-4F9E-BB70-46B9B8C0406C}.Debug|x64.Build.0 = Debug|Any CPU
		{8191FA40-E687-4F9E-BB70-46B9B8C0406C}.Debug|x86.ActiveCfg = Debug|Any CPU
		{8191FA40-E687-4F9E-BB70-46B9B8C0406C}.Debug|x86.Build.0 = Debug|Any CPU
		{8191FA40-E687-4F9E-BB70-46B9B8C0406C}.Release|Any CPU.ActiveCfg = Release|Any CPU
		{8191FA40-E687-4F9E-BB70-46B9B8C0406C}.Release|Any CPU.Build.0 = Release|Any CPU
		{8191FA40-E687-4F9E-BB70-46B9B8C0406C}.Release|x64.ActiveCfg = Release|Any CPU
		{8191FA40-E687-4F9E-BB70-46B9B8C0406C}.Release|x64.Build.0 = Release|Any CPU
		{8191FA40-E687-4F9E-BB70-46B9B8C0406C}.Release|x86.ActiveCfg = Release|Any CPU
		{8191FA40-E687-4F9E-BB70-46B9B8C0406C}.Release|x86.Build.0 = Release|Any CPU
		{92CFCE1C-628E-492D-B299-278BA7EB01E9}.Debug|Any CPU.ActiveCfg = Debug|Any CPU
		{92CFCE1C-628E-492D-B299-278BA7EB01E9}.Debug|Any CPU.Build.0 = Debug|Any CPU
		{92CFCE1C-628E-492D-B299-278BA7EB01E9}.Debug|x64.ActiveCfg = Debug|Any CPU
		{92CFCE1C-628E-492D-B299-278BA7EB01E9}.Debug|x64.Build.0 = Debug|Any CPU
		{92CFCE1C-628E-492D-B299-278BA7EB01E9}.Debug|x86.ActiveCfg = Debug|Any CPU
		{92CFCE1C-628E-492D-B299-278BA7EB01E9}.Debug|x86.Build.0 = Debug|Any CPU
		{92CFCE1C-628E-492D-B299-278BA7EB01E9}.Release|Any CPU.ActiveCfg = Release|Any CPU
		{92CFCE1C-628E-492D-B299-278BA7EB01E9}.Release|Any CPU.Build.0 = Release|Any CPU
		{92CFCE1C-628E-492D-B299-278BA7EB01E9}.Release|x64.ActiveCfg = Release|Any CPU
		{92CFCE1C-628E-492D-B299-278BA7EB01E9}.Release|x64.Build.0 = Release|Any CPU
		{92CFCE1C-628E-492D-B299-278BA7EB01E9}.Release|x86.ActiveCfg = Release|Any CPU
		{92CFCE1C-628E-492D-B299-278BA7EB01E9}.Release|x86.Build.0 = Release|Any CPU
		{C3B3789B-DE52-4B7E-9855-24FBD5439741}.Debug|Any CPU.ActiveCfg = Debug|Any CPU
		{C3B3789B-DE52-4B7E-9855-24FBD5439741}.Debug|Any CPU.Build.0 = Debug|Any CPU
		{C3B3789B-DE52-4B7E-9855-24FBD5439741}.Debug|x64.ActiveCfg = Debug|Any CPU
		{C3B3789B-DE52-4B7E-9855-24FBD5439741}.Debug|x64.Build.0 = Debug|Any CPU
		{C3B3789B-DE52-4B7E-9855-24FBD5439741}.Debug|x86.ActiveCfg = Debug|Any CPU
		{C3B3789B-DE52-4B7E-9855-24FBD5439741}.Debug|x86.Build.0 = Debug|Any CPU
		{C3B3789B-DE52-4B7E-9855-24FBD5439741}.Release|Any CPU.ActiveCfg = Release|Any CPU
		{C3B3789B-DE52-4B7E-9855-24FBD5439741}.Release|Any CPU.Build.0 = Release|Any CPU
		{C3B3789B-DE52-4B7E-9855-24FBD5439741}.Release|x64.ActiveCfg = Release|Any CPU
		{C3B3789B-DE52-4B7E-9855-24FBD5439741}.Release|x64.Build.0 = Release|Any CPU
		{C3B3789B-DE52-4B7E-9855-24FBD5439741}.Release|x86.ActiveCfg = Release|Any CPU
		{C3B3789B-DE52-4B7E-9855-24FBD5439741}.Release|x86.Build.0 = Release|Any CPU
		{C13776C7-6252-4EA7-8856-91EB4463BF19}.Debug|Any CPU.ActiveCfg = Debug|Any CPU
		{C13776C7-6252-4EA7-8856-91EB4463BF19}.Debug|Any CPU.Build.0 = Debug|Any CPU
		{C13776C7-6252-4EA7-8856-91EB4463BF19}.Debug|x64.ActiveCfg = Debug|Any CPU
		{C13776C7-6252-4EA7-8856-91EB4463BF19}.Debug|x64.Build.0 = Debug|Any CPU
		{C13776C7-6252-4EA7-8856-91EB4463BF19}.Debug|x86.ActiveCfg = Debug|Any CPU
		{C13776C7-6252-4EA7-8856-91EB4463BF19}.Debug|x86.Build.0 = Debug|Any CPU
		{C13776C7-6252-4EA7-8856-91EB4463BF19}.Release|Any CPU.ActiveCfg = Release|Any CPU
		{C13776C7-6252-4EA7-8856-91EB4463BF19}.Release|Any CPU.Build.0 = Release|Any CPU
		{C13776C7-6252-4EA7-8856-91EB4463BF19}.Release|x64.ActiveCfg = Release|Any CPU
		{C13776C7-6252-4EA7-8856-91EB4463BF19}.Release|x64.Build.0 = Release|Any CPU
		{C13776C7-6252-4EA7-8856-91EB4463BF19}.Release|x86.ActiveCfg = Release|Any CPU
		{C13776C7-6252-4EA7-8856-91EB4463BF19}.Release|x86.Build.0 = Release|Any CPU
		{7789C80B-32A1-4B70-80A7-A5D9DEE40148}.Debug|Any CPU.ActiveCfg = Debug|Any CPU
		{7789C80B-32A1-4B70-80A7-A5D9DEE40148}.Debug|Any CPU.Build.0 = Debug|Any CPU
		{7789C80B-32A1-4B70-80A7-A5D9DEE40148}.Debug|x64.ActiveCfg = Debug|Any CPU
		{7789C80B-32A1-4B70-80A7-A5D9DEE40148}.Debug|x64.Build.0 = Debug|Any CPU
		{7789C80B-32A1-4B70-80A7-A5D9DEE40148}.Debug|x86.ActiveCfg = Debug|Any CPU
		{7789C80B-32A1-4B70-80A7-A5D9DEE40148}.Debug|x86.Build.0 = Debug|Any CPU
		{7789C80B-32A1-4B70-80A7-A5D9DEE40148}.Release|Any CPU.ActiveCfg = Release|Any CPU
		{7789C80B-32A1-4B70-80A7-A5D9DEE40148}.Release|Any CPU.Build.0 = Release|Any CPU
		{7789C80B-32A1-4B70-80A7-A5D9DEE40148}.Release|x64.ActiveCfg = Release|Any CPU
		{7789C80B-32A1-4B70-80A7-A5D9DEE40148}.Release|x64.Build.0 = Release|Any CPU
		{7789C80B-32A1-4B70-80A7-A5D9DEE40148}.Release|x86.ActiveCfg = Release|Any CPU
		{7789C80B-32A1-4B70-80A7-A5D9DEE40148}.Release|x86.Build.0 = Release|Any CPU
		{AAF95F32-E6D4-4171-9BE2-37073EB8106A}.Debug|Any CPU.ActiveCfg = Debug|Any CPU
		{AAF95F32-E6D4-4171-9BE2-37073EB8106A}.Debug|Any CPU.Build.0 = Debug|Any CPU
		{AAF95F32-E6D4-4171-9BE2-37073EB8106A}.Debug|x64.ActiveCfg = Debug|Any CPU
		{AAF95F32-E6D4-4171-9BE2-37073EB8106A}.Debug|x64.Build.0 = Debug|Any CPU
		{AAF95F32-E6D4-4171-9BE2-37073EB8106A}.Debug|x86.ActiveCfg = Debug|Any CPU
		{AAF95F32-E6D4-4171-9BE2-37073EB8106A}.Debug|x86.Build.0 = Debug|Any CPU
		{AAF95F32-E6D4-4171-9BE2-37073EB8106A}.Release|Any CPU.ActiveCfg = Release|Any CPU
		{AAF95F32-E6D4-4171-9BE2-37073EB8106A}.Release|Any CPU.Build.0 = Release|Any CPU
		{AAF95F32-E6D4-4171-9BE2-37073EB8106A}.Release|x64.ActiveCfg = Release|Any CPU
		{AAF95F32-E6D4-4171-9BE2-37073EB8106A}.Release|x64.Build.0 = Release|Any CPU
		{AAF95F32-E6D4-4171-9BE2-37073EB8106A}.Release|x86.ActiveCfg = Release|Any CPU
		{AAF95F32-E6D4-4171-9BE2-37073EB8106A}.Release|x86.Build.0 = Release|Any CPU
		{A025F8EB-008D-49D2-8EEF-F0CE544BBD99}.Debug|Any CPU.ActiveCfg = Debug|Any CPU
		{A025F8EB-008D-49D2-8EEF-F0CE544BBD99}.Debug|Any CPU.Build.0 = Debug|Any CPU
		{A025F8EB-008D-49D2-8EEF-F0CE544BBD99}.Debug|x64.ActiveCfg = Debug|Any CPU
		{A025F8EB-008D-49D2-8EEF-F0CE544BBD99}.Debug|x64.Build.0 = Debug|Any CPU
		{A025F8EB-008D-49D2-8EEF-F0CE544BBD99}.Debug|x86.ActiveCfg = Debug|Any CPU
		{A025F8EB-008D-49D2-8EEF-F0CE544BBD99}.Debug|x86.Build.0 = Debug|Any CPU
		{A025F8EB-008D-49D2-8EEF-F0CE544BBD99}.Release|Any CPU.ActiveCfg = Release|Any CPU
		{A025F8EB-008D-49D2-8EEF-F0CE544BBD99}.Release|Any CPU.Build.0 = Release|Any CPU
		{A025F8EB-008D-49D2-8EEF-F0CE544BBD99}.Release|x64.ActiveCfg = Release|Any CPU
		{A025F8EB-008D-49D2-8EEF-F0CE544BBD99}.Release|x64.Build.0 = Release|Any CPU
		{A025F8EB-008D-49D2-8EEF-F0CE544BBD99}.Release|x86.ActiveCfg = Release|Any CPU
		{A025F8EB-008D-49D2-8EEF-F0CE544BBD99}.Release|x86.Build.0 = Release|Any CPU
		{9B04011C-4C10-4F20-96BD-C315F7E78191}.Debug|Any CPU.ActiveCfg = Debug|Any CPU
		{9B04011C-4C10-4F20-96BD-C315F7E78191}.Debug|Any CPU.Build.0 = Debug|Any CPU
		{9B04011C-4C10-4F20-96BD-C315F7E78191}.Debug|x64.ActiveCfg = Debug|Any CPU
		{9B04011C-4C10-4F20-96BD-C315F7E78191}.Debug|x64.Build.0 = Debug|Any CPU
		{9B04011C-4C10-4F20-96BD-C315F7E78191}.Debug|x86.ActiveCfg = Debug|Any CPU
		{9B04011C-4C10-4F20-96BD-C315F7E78191}.Debug|x86.Build.0 = Debug|Any CPU
		{9B04011C-4C10-4F20-96BD-C315F7E78191}.Release|Any CPU.ActiveCfg = Release|Any CPU
		{9B04011C-4C10-4F20-96BD-C315F7E78191}.Release|Any CPU.Build.0 = Release|Any CPU
		{9B04011C-4C10-4F20-96BD-C315F7E78191}.Release|x64.ActiveCfg = Release|Any CPU
		{9B04011C-4C10-4F20-96BD-C315F7E78191}.Release|x64.Build.0 = Release|Any CPU
		{9B04011C-4C10-4F20-96BD-C315F7E78191}.Release|x86.ActiveCfg = Release|Any CPU
		{9B04011C-4C10-4F20-96BD-C315F7E78191}.Release|x86.Build.0 = Release|Any CPU
	EndGlobalSection
	GlobalSection(SolutionProperties) = preSolution
		HideSolutionNode = FALSE
	EndGlobalSection
	GlobalSection(ExtensibilityGlobals) = postSolution
		SolutionGuid = {D70A772D-263A-4EB8-A3CD-326AB3D5F4C3}
	EndGlobalSection
EndGlobal
