
Microsoft Visual Studio Solution File, Format Version 12.00
# Visual Studio 15
VisualStudioVersion = 15.0.26730.16
MinimumVisualStudioVersion = 10.0.40219.1
Project("{FAE04EC0-301F-11D3-BF4B-00C04F79EFBC}") = "Massive.Interview.Entities", "Massive.Interview.Entities\Massive.Interview.Entities.csproj", "{0FF9DA72-FA0F-4B05-8CC1-9665BCF8E1DA}"
EndProject
Project("{FAE04EC0-301F-11D3-BF4B-00C04F79EFBC}") = "Massive.Interview.Entities.Module", "Massive.Interview.Entities.Module\Massive.Interview.Entities.Module.csproj", "{88672C4F-3CA7-41E0-AC20-73D46ED8D197}"
EndProject
Project("{FAE04EC0-301F-11D3-BF4B-00C04F79EFBC}") = "Massive.Interview.SmokeApp", "Massive.Interview.SmokeApp\Massive.Interview.SmokeApp.csproj", "{A3714431-368B-4714-82A2-F8DE6083427C}"
EndProject
Project("{FAE04EC0-301F-11D3-BF4B-00C04F79EFBC}") = "Massive.Interview.Support", "Massive.Interview.Support\Massive.Interview.Support.csproj", "{D2E4AF82-FFEB-409E-B6C3-B6E248257197}"
EndProject
Global
	GlobalSection(SolutionConfigurationPlatforms) = preSolution
		Debug|Any CPU = Debug|Any CPU
		Release|Any CPU = Release|Any CPU
	EndGlobalSection
	GlobalSection(ProjectConfigurationPlatforms) = postSolution
		{0FF9DA72-FA0F-4B05-8CC1-9665BCF8E1DA}.Debug|Any CPU.ActiveCfg = Debug|Any CPU
		{0FF9DA72-FA0F-4B05-8CC1-9665BCF8E1DA}.Debug|Any CPU.Build.0 = Debug|Any CPU
		{0FF9DA72-FA0F-4B05-8CC1-9665BCF8E1DA}.Release|Any CPU.ActiveCfg = Release|Any CPU
		{0FF9DA72-FA0F-4B05-8CC1-9665BCF8E1DA}.Release|Any CPU.Build.0 = Release|Any CPU
		{88672C4F-3CA7-41E0-AC20-73D46ED8D197}.Debug|Any CPU.ActiveCfg = Debug|Any CPU
		{88672C4F-3CA7-41E0-AC20-73D46ED8D197}.Debug|Any CPU.Build.0 = Debug|Any CPU
		{88672C4F-3CA7-41E0-AC20-73D46ED8D197}.Release|Any CPU.ActiveCfg = Release|Any CPU
		{88672C4F-3CA7-41E0-AC20-73D46ED8D197}.Release|Any CPU.Build.0 = Release|Any CPU
		{A3714431-368B-4714-82A2-F8DE6083427C}.Debug|Any CPU.ActiveCfg = Debug|Any CPU
		{A3714431-368B-4714-82A2-F8DE6083427C}.Debug|Any CPU.Build.0 = Debug|Any CPU
		{A3714431-368B-4714-82A2-F8DE6083427C}.Release|Any CPU.ActiveCfg = Release|Any CPU
		{A3714431-368B-4714-82A2-F8DE6083427C}.Release|Any CPU.Build.0 = Release|Any CPU
		{D2E4AF82-FFEB-409E-B6C3-B6E248257197}.Debug|Any CPU.ActiveCfg = Debug|Any CPU
		{D2E4AF82-FFEB-409E-B6C3-B6E248257197}.Debug|Any CPU.Build.0 = Debug|Any CPU
		{D2E4AF82-FFEB-409E-B6C3-B6E248257197}.Release|Any CPU.ActiveCfg = Release|Any CPU
		{D2E4AF82-FFEB-409E-B6C3-B6E248257197}.Release|Any CPU.Build.0 = Release|Any CPU
	EndGlobalSection
	GlobalSection(SolutionProperties) = preSolution
		HideSolutionNode = FALSE
	EndGlobalSection
	GlobalSection(ExtensibilityGlobals) = postSolution
		SolutionGuid = {181E0B6F-AA98-47AD-A72D-B34B174AB13C}
	EndGlobalSection
EndGlobal
